
Microsoft Visual Studio Solution File, Format Version 12.00
# Visual Studio Version 17
VisualStudioVersion = 17.13.35919.96 d17.13
MinimumVisualStudioVersion = 10.0.40219.1
Project("{FAE04EC0-301F-11D3-BF4B-00C04F79EFBC}") = "DrugPrevention.RazorWebApp.NganVHH", "DrugPrevention.RazorWebApp.NganVHH\DrugPrevention.RazorWebApp.NganVHH.csproj", "{470541A5-0D35-4A19-B13A-6E411340C507}"
EndProject
Project("{FAE04EC0-301F-11D3-BF4B-00C04F79EFBC}") = "DrugPrevention.Repositories.NganVHH", "DrugPrevention.Repositories.NganVHH\DrugPrevention.Repositories.NganVHH.csproj", "{6EEEC8C1-4F06-41C3-AA15-8AE624AED925}"
EndProject
Project("{FAE04EC0-301F-11D3-BF4B-00C04F79EFBC}") = "DrugPrevention.Services.NganVHH", "DrugPrevention.Services.NganVHH\DrugPrevention.Services.NganVHH.csproj", "{20D696C6-9172-4621-9F97-50A842CB1669}"
EndProject
Global
	GlobalSection(SolutionConfigurationPlatforms) = preSolution
		Debug|Any CPU = Debug|Any CPU
		Release|Any CPU = Release|Any CPU
	EndGlobalSection
	GlobalSection(ProjectConfigurationPlatforms) = postSolution
		{470541A5-0D35-4A19-B13A-6E411340C507}.Debug|Any CPU.ActiveCfg = Debug|Any CPU
		{470541A5-0D35-4A19-B13A-6E411340C507}.Debug|Any CPU.Build.0 = Debug|Any CPU
		{470541A5-0D35-4A19-B13A-6E411340C507}.Release|Any CPU.ActiveCfg = Release|Any CPU
		{470541A5-0D35-4A19-B13A-6E411340C507}.Release|Any CPU.Build.0 = Release|Any CPU
		{6EEEC8C1-4F06-41C3-AA15-8AE624AED925}.Debug|Any CPU.ActiveCfg = Debug|Any CPU
		{6EEEC8C1-4F06-41C3-AA15-8AE624AED925}.Debug|Any CPU.Build.0 = Debug|Any CPU
		{6EEEC8C1-4F06-41C3-AA15-8AE624AED925}.Release|Any CPU.ActiveCfg = Release|Any CPU
		{6EEEC8C1-4F06-41C3-AA15-8AE624AED925}.Release|Any CPU.Build.0 = Release|Any CPU
		{20D696C6-9172-4621-9F97-50A842CB1669}.Debug|Any CPU.ActiveCfg = Debug|Any CPU
		{20D696C6-9172-4621-9F97-50A842CB1669}.Debug|Any CPU.Build.0 = Debug|Any CPU
		{20D696C6-9172-4621-9F97-50A842CB1669}.Release|Any CPU.ActiveCfg = Release|Any CPU
		{20D696C6-9172-4621-9F97-50A842CB1669}.Release|Any CPU.Build.0 = Release|Any CPU
	EndGlobalSection
	GlobalSection(SolutionProperties) = preSolution
		HideSolutionNode = FALSE
	EndGlobalSection
	GlobalSection(ExtensibilityGlobals) = postSolution
		SolutionGuid = {44495EEC-2AC8-4DCC-B348-94B4164EE4AE}
	EndGlobalSection
EndGlobal
